Microsoft Visual Studio Solution File, Format Version 12.00
# Visual Studio 2013
VisualStudioVersion = 12.0.21005.1
MinimumVisualStudioVersion = 10.0.40219.1
Project("{8BC9CEB8-8B4A-11D0-8D11-00A0C91BC942}") = "EntitiesMP", "EntitiesMP\EntitiesMP_vs2013.vcxproj", "{D9F67AA1-970A-BFDD-6BE9-BD0CDCE98A10}"
EndProject
Project("{8BC9CEB8-8B4A-11D0-8D11-00A0C91BC942}") = "GameGUIMP", "GameGUIMP\GameGUIMP_vs2013.vcxproj", "{3EC2357F-FA36-9DF7-FFC4-AF9C03777DBE}"
	ProjectSection(ProjectDependencies) = postProject
		{4410EEB1-AFAD-A936-2168-716C245D36D5} = {4410EEB1-AFAD-A936-2168-716C245D36D5}
	EndProjectSection
EndProject
Project("{8BC9CEB8-8B4A-11D0-8D11-00A0C91BC942}") = "GameMP", "GameMP\GameMP_vs2013.vcxproj", "{4410EEB1-AFAD-A936-2168-716C245D36D5}"
	ProjectSection(ProjectDependencies) = postProject
		{D9F67AA1-970A-BFDD-6BE9-BD0CDCE98A10} = {D9F67AA1-970A-BFDD-6BE9-BD0CDCE98A10}
	EndProjectSection
EndProject
Global
	GlobalSection(SolutionConfigurationPlatforms) = preSolution
		Debug_110|Win32 = Debug_110|Win32
		Debug|Win32 = Debug|Win32
		Release_110|Win32 = Release_110|Win32
		Release|Win32 = Release|Win32
	EndGlobalSection
	GlobalSection(ProjectConfigurationPlatforms) = postSolution
		{D9F67AA1-970A-BFDD-6BE9-BD0CDCE98A10}.Debug_110|Win32.ActiveCfg = Debug_110|Win32
		{D9F67AA1-970A-BFDD-6BE9-BD0CDCE98A10}.Debug_110|Win32.Build.0 = Debug_110|Win32
		{D9F67AA1-970A-BFDD-6BE9-BD0CDCE98A10}.Debug|Win32.ActiveCfg = Debug|Win32
		{D9F67AA1-970A-BFDD-6BE9-BD0CDCE98A10}.Debug|Win32.Build.0 = Debug|Win32
		{D9F67AA1-970A-BFDD-6BE9-BD0CDCE98A10}.Release_110|Win32.ActiveCfg = Release_110|Win32
		{D9F67AA1-970A-BFDD-6BE9-BD0CDCE98A10}.Release_110|Win32.Build.0 = Release_110|Win32
		{D9F67AA1-970A-BFDD-6BE9-BD0CDCE98A10}.Release|Win32.ActiveCfg = Release|Win32
		{D9F67AA1-970A-BFDD-6BE9-BD0CDCE98A10}.Release|Win32.Build.0 = Release|Win32
		{3EC2357F-FA36-9DF7-FFC4-AF9C03777DBE}.Debug_110|Win32.ActiveCfg = Debug_110|Win32
		{3EC2357F-FA36-9DF7-FFC4-AF9C03777DBE}.Debug_110|Win32.Build.0 = Debug_110|Win32
		{3EC2357F-FA36-9DF7-FFC4-AF9C03777DBE}.Debug|Win32.ActiveCfg = Debug|Win32
		{3EC2357F-FA36-9DF7-FFC4-AF9C03777DBE}.Debug|Win32.Build.0 = Debug|Win32
		{3EC2357F-FA36-9DF7-FFC4-AF9C03777DBE}.Release_110|Win32.ActiveCfg = Release_110|Win32
		{3EC2357F-FA36-9DF7-FFC4-AF9C03777DBE}.Release_110|Win32.Build.0 = Release_110|Win32
		{3EC2357F-FA36-9DF7-FFC4-AF9C03777DBE}.Release|Win32.ActiveCfg = Release|Win32
		{3EC2357F-FA36-9DF7-FFC4-AF9C03777DBE}.Release|Win32.Build.0 = Release|Win32
		{4410EEB1-AFAD-A936-2168-716C245D36D5}.Debug_110|Win32.ActiveCfg = Debug_110|Win32
		{4410EEB1-AFAD-A936-2168-716C245D36D5}.Debug_110|Win32.Build.0 = Debug_110|Win32
		{4410EEB1-AFAD-A936-2168-716C245D36D5}.Debug|Win32.ActiveCfg = Debug|Win32
		{4410EEB1-AFAD-A936-2168-716C245D36D5}.Debug|Win32.Build.0 = Debug|Win32
		{4410EEB1-AFAD-A936-2168-716C245D36D5}.Release_110|Win32.ActiveCfg = Release_110|Win32
		{4410EEB1-AFAD-A936-2168-716C245D36D5}.Release_110|Win32.Build.0 = Release_110|Win32
		{4410EEB1-AFAD-A936-2168-716C245D36D5}.Release|Win32.ActiveCfg = Release|Win32
		{4410EEB1-AFAD-A936-2168-716C245D36D5}.Release|Win32.Build.0 = Release|Win32
	EndGlobalSection
	GlobalSection(SolutionProperties) = preSolution
		HideSolutionNode = FALSE
	EndGlobalSection
EndGlobal
