<?xml version="1.0" encoding="utf-8"?>
<Project ToolsVersion="4.0" xmlns="http://schemas.microsoft.com/developer/msbuild/2003">
  <ItemGroup>
    <Filter Include="Source Files">
      <UniqueIdentifier>{e7d59bc4-af0d-42fb-80c4-0a3810d10b3b}</UniqueIdentifier>
      <Extensions>cpp;c;cxx;rc;def;r;odl;hpj;bat;for;f90</Extensions>
    </Filter>
    <Filter Include="Source Files\Common sources">
      <UniqueIdentifier>{eff72727-f56f-4f0e-afac-b202a832273c}</UniqueIdentifier>
    </Filter>
    <Filter Include="Header Files">
      <UniqueIdentifier>{40c44e31-3be4-44a9-8aef-92eb0d62e66c}</UniqueIdentifier>
      <Extensions>h;hpp;hxx;hm;inl;fi;fd</Extensions>
    </Filter>
    <Filter Include="Header Files\Common headers">
      <UniqueIdentifier>{b1b59106-4305-4614-9d3a-a199972e8e55}</UniqueIdentifier>
    </Filter>
    <Filter Include="Class Files">
      <UniqueIdentifier>{d652878a-c578-4041-b62b-f0edb3642a60}</UniqueIdentifier>
      <Extensions>es</Extensions>
    </Filter>
    <Filter Include="Class Files\AI">
      <UniqueIdentifier>{15e23bb9-693a-4bc5-884f-56deebba6370}</UniqueIdentifier>
      <Extensions>es</Extensions>
    </Filter>
    <Filter Include="Class Files\Brushes">
      <UniqueIdentifier>{a2bbac85-6836-400a-808a-fe3b3e2fc728}</UniqueIdentifier>
      <Extensions>es</Extensions>
    </Filter>
    <Filter Include="Class Files\Effects">
      <UniqueIdentifier>{2ae3f057-e63c-47f1-93e5-a85f7712842a}</UniqueIdentifier>
      <Extensions>es</Extensions>
    </Filter>
    <Filter Include="Class Files\Enemies">
      <UniqueIdentifier>{80a55b57-0a3c-4e6e-877c-499b03e05fef}</UniqueIdentifier>
      <Extensions>es</Extensions>
    </Filter>
    <Filter Include="Class Files\Environment">
      <UniqueIdentifier>{bd7d8803-b844-4ab6-9ca5-c53fc8711029}</UniqueIdentifier>
      <Extensions>es</Extensions>
    </Filter>
    <Filter Include="Class Files\Items">
      <UniqueIdentifier>{57aa098f-2862-44ef-a6cf-3bdc5620a09f}</UniqueIdentifier>
      <Extensions>es</Extensions>
    </Filter>
    <Filter Include="Class Files\Players">
      <UniqueIdentifier>{718f2278-5d32-45f7-af15-7e3aaf411822}</UniqueIdentifier>
      <Extensions>es</Extensions>
    </Filter>
    <Filter Include="Class Files\Tools">
      <UniqueIdentifier>{bd9fdc67-9e8f-47b1-b6e0-3e745f85d39a}</UniqueIdentifier>
      <Extensions>es</Extensions>
    </Filter>
    <Filter Include="Class Files\Weapons">
      <UniqueIdentifier>{306a9fdd-9552-40eb-b911-73bcd3cc4ef0}</UniqueIdentifier>
      <Extensions>es</Extensions>
    </Filter>
    <Filter Include="Class Files\Cecil">
      <UniqueIdentifier>{f069a3e0-2d93-44ce-8991-0ad6037f967f}</UniqueIdentifier>
    </Filter>
    <Filter Include="Source Files\Cecil sources">
      <UniqueIdentifier>{264fb539-9604-4444-a94a-3030026c7eca}</UniqueIdentifier>
    </Filter>
    <Filter Include="Header Files\Cecil headers">
      <UniqueIdentifier>{87b4c27b-2980-43dd-b8c8-75edc0e01b3b}</UniqueIdentifier>
    </Filter>
    <Filter Include="Source Files\Entity sources">
      <UniqueIdentifier>{e0883355-1b22-47bd-b673-2ef28e0efd4b}</UniqueIdentifier>
    </Filter>
    <Filter Include="Class Files\Cecil\BetaEnemies">
      <UniqueIdentifier>{cd619a5a-565c-4acd-837f-1bad35e9b06c}</UniqueIdentifier>
    </Filter>
    <Filter Include="Source Files\Cecil sources\ODE sources">
      <UniqueIdentifier>{4ced2d0c-21fa-4e58-8299-1f76f62d4fa8}</UniqueIdentifier>
    </Filter>
    <Filter Include="Header Files\Cecil headers\ODE headers">
      <UniqueIdentifier>{76c66c6b-e471-471d-a336-adae937377c3}</UniqueIdentifier>
    </Filter>
    <Filter Include="Header Files\Cecil headers\Collision headers">
      <UniqueIdentifier>{9c7f5c09-d9a0-44b2-ac7d-b05907bbc66f}</UniqueIdentifier>
    </Filter>
    <Filter Include="Source Files\Cecil sources\Collision sources">
      <UniqueIdentifier>{633e1033-6525-4c24-b25c-f9356d9eb2db}</UniqueIdentifier>
    </Filter>
    <Filter Include="Class Files\Cecil\Base">
      <UniqueIdentifier>{55ec0158-8fee-4912-922f-e7c7abf4b2d8}</UniqueIdentifier>
    </Filter>
  </ItemGroup>
  <ItemGroup>
    <ClCompile Include="Common\Common.cpp">
      <Filter>Source Files\Common sources</Filter>
    </ClCompile>
    <ClCompile Include="Common\EmanatingParticles.cpp">
      <Filter>Source Files\Common sources</Filter>
    </ClCompile>
    <ClCompile Include="Common\HUD.cpp">
      <Filter>Source Files\Common sources</Filter>
    </ClCompile>
    <ClCompile Include="Common\Particles.cpp">
      <Filter>Source Files\Common sources</Filter>
    </ClCompile>
    <ClCompile Include="Common\PathFinding.cpp">
      <Filter>Source Files\Common sources</Filter>
    </ClCompile>
    <ClCompile Include="StdH\StdH.cpp">
      <Filter>Source Files\Common sources</Filter>
    </ClCompile>
    <ClCompile Include="Cecil\Effects.cpp">
      <Filter>Source Files\Cecil sources</Filter>
    </ClCompile>
    <ClCompile Include="Cecil\Materials.cpp">
      <Filter>Source Files\Cecil sources</Filter>
    </ClCompile>
    <ClCompile Include="Cecil\Physics.cpp">
      <Filter>Source Files\Cecil sources</Filter>
    </ClCompile>
    <ClCompile Include="Cecil\Weapons.cpp">
      <Filter>Source Files\Cecil sources</Filter>
    </ClCompile>
    <ClCompile Include="Common\UI\UI.cpp">
      <Filter>Source Files\Cecil sources</Filter>
    </ClCompile>
    <ClCompile Include="Mod\Radio.cpp">
      <Filter>Source Files\Entity sources</Filter>
    </ClCompile>
    <ClCompile Include="Mod\RollerMine.cpp">
      <Filter>Source Files\Entity sources</Filter>
    </ClCompile>
    <ClCompile Include="Mod\SeamlessTP.cpp">
      <Filter>Source Files\Entity sources</Filter>
    </ClCompile>
    <ClCompile Include="Mod\Sound3D.cpp">
      <Filter>Source Files\Entity sources</Filter>
    </ClCompile>
    <ClCompile Include="AirElemental.cpp">
      <Filter>Source Files\Entity sources</Filter>
    </ClCompile>
    <ClCompile Include="AirShockwave.cpp">
      <Filter>Source Files\Entity sources</Filter>
    </ClCompile>
    <ClCompile Include="AirWave.cpp">
      <Filter>Source Files\Entity sources</Filter>
    </ClCompile>
    <ClCompile Include="AmmoItem.cpp">
      <Filter>Source Files\Entity sources</Filter>
    </ClCompile>
    <ClCompile Include="AmmoPack.cpp">
      <Filter>Source Files\Entity sources</Filter>
    </ClCompile>
    <ClCompile Include="AnimationChanger.cpp">
      <Filter>Source Files\Entity sources</Filter>
    </ClCompile>
    <ClCompile Include="AnimationHub.cpp">
      <Filter>Source Files\Entity sources</Filter>
    </ClCompile>
    <ClCompile Include="AreaMarker.cpp">
      <Filter>Source Files\Entity sources</Filter>
    </ClCompile>
    <ClCompile Include="ArmorItem.cpp">
      <Filter>Source Files\Entity sources</Filter>
    </ClCompile>
    <ClCompile Include="BackgroundViewer.cpp">
      <Filter>Source Files\Entity sources</Filter>
    </ClCompile>
    <ClCompile Include="BasicEffects.cpp">
      <Filter>Source Files\Entity sources</Filter>
    </ClCompile>
    <ClCompile Include="Beast.cpp">
      <Filter>Source Files\Entity sources</Filter>
    </ClCompile>
    <ClCompile Include="BigHead.cpp">
      <Filter>Source Files\Entity sources</Filter>
    </ClCompile>
    <ClCompile Include="BlendController.cpp">
      <Filter>Source Files\Entity sources</Filter>
    </ClCompile>
    <ClCompile Include="BloodSpray.cpp">
      <Filter>Source Files\Entity sources</Filter>
    </ClCompile>
    <ClCompile Include="Boneman.cpp">
      <Filter>Source Files\Entity sources</Filter>
    </ClCompile>
    <ClCompile Include="Bouncer.cpp">
      <Filter>Source Files\Entity sources</Filter>
    </ClCompile>
    <ClCompile Include="Bullet.cpp">
      <Filter>Source Files\Entity sources</Filter>
    </ClCompile>
    <ClCompile Include="Camera.cpp">
      <Filter>Source Files\Entity sources</Filter>
    </ClCompile>
    <ClCompile Include="CameraMarker.cpp">
      <Filter>Source Files\Entity sources</Filter>
    </ClCompile>
    <ClCompile Include="CannonBall.cpp">
      <Filter>Source Files\Entity sources</Filter>
    </ClCompile>
    <ClCompile Include="CannonRotating.cpp">
      <Filter>Source Files\Entity sources</Filter>
    </ClCompile>
    <ClCompile Include="CannonStatic.cpp">
      <Filter>Source Files\Entity sources</Filter>
    </ClCompile>
    <ClCompile Include="Catman.cpp">
      <Filter>Source Files\Entity sources</Filter>
    </ClCompile>
    <ClCompile Include="ChainsawFreak.cpp">
      <Filter>Source Files\Entity sources</Filter>
    </ClCompile>
    <ClCompile Include="Copier.cpp">
      <Filter>Source Files\Entity sources</Filter>
    </ClCompile>
    <ClCompile Include="Counter.cpp">
      <Filter>Source Files\Entity sources</Filter>
    </ClCompile>
    <ClCompile Include="CrateBus.cpp">
      <Filter>Source Files\Entity sources</Filter>
    </ClCompile>
    <ClCompile Include="CrateRider.cpp">
      <Filter>Source Files\Entity sources</Filter>
    </ClCompile>
    <ClCompile Include="CreditsHolder.cpp">
      <Filter>Source Files\Entity sources</Filter>
    </ClCompile>
    <ClCompile Include="Cyborg.cpp">
      <Filter>Source Files\Entity sources</Filter>
    </ClCompile>
    <ClCompile Include="CyborgBike.cpp">
      <Filter>Source Files\Entity sources</Filter>
    </ClCompile>
    <ClCompile Include="Damager.cpp">
      <Filter>Source Files\Entity sources</Filter>
    </ClCompile>
    <ClCompile Include="Debris.cpp">
      <Filter>Source Files\Entity sources</Filter>
    </ClCompile>
    <ClCompile Include="DebugEntityStatesDisplay.cpp">
      <Filter>Source Files\Entity sources</Filter>
    </ClCompile>
    <ClCompile Include="Demon.cpp">
      <Filter>Source Files\Entity sources</Filter>
    </ClCompile>
    <ClCompile Include="DestroyableArchitecture.cpp">
      <Filter>Source Files\Entity sources</Filter>
    </ClCompile>
    <ClCompile Include="Devil.cpp">
      <Filter>Source Files\Entity sources</Filter>
    </ClCompile>
    <ClCompile Include="DevilMarker.cpp">
      <Filter>Source Files\Entity sources</Filter>
    </ClCompile>
    <ClCompile Include="DevilProjectile.cpp">
      <Filter>Source Files\Entity sources</Filter>
    </ClCompile>
    <ClCompile Include="DoorController.cpp">
      <Filter>Source Files\Entity sources</Filter>
    </ClCompile>
    <ClCompile Include="Dragonman.cpp">
      <Filter>Source Files\Entity sources</Filter>
    </ClCompile>
    <ClCompile Include="EffectMarker.cpp">
      <Filter>Source Files\Entity sources</Filter>
    </ClCompile>
    <ClCompile Include="Effector.cpp">
      <Filter>Source Files\Entity sources</Filter>
    </ClCompile>
    <ClCompile Include="Elemental.cpp">
      <Filter>Source Files\Entity sources</Filter>
    </ClCompile>
    <ClCompile Include="EnemyBase.cpp">
      <Filter>Source Files\Entity sources</Filter>
    </ClCompile>
    <ClCompile Include="EnemyCounter.cpp">
      <Filter>Source Files\Entity sources</Filter>
    </ClCompile>
    <ClCompile Include="EnemyDive.cpp">
      <Filter>Source Files\Entity sources</Filter>
    </ClCompile>
    <ClCompile Include="EnemyFly.cpp">
      <Filter>Source Files\Entity sources</Filter>
    </ClCompile>
    <ClCompile Include="EnemyMarker.cpp">
      <Filter>Source Files\Entity sources</Filter>
    </ClCompile>
    <ClCompile Include="EnemyRunInto.cpp">
      <Filter>Source Files\Entity sources</Filter>
    </ClCompile>
    <ClCompile Include="EnemySpawner.cpp">
      <Filter>Source Files\Entity sources</Filter>
    </ClCompile>
    <ClCompile Include="EnvironmentBase.cpp">
      <Filter>Source Files\Entity sources</Filter>
    </ClCompile>
    <ClCompile Include="EnvironmentMarker.cpp">
      <Filter>Source Files\Entity sources</Filter>
    </ClCompile>
    <ClCompile Include="EnvironmentParticlesHolder.cpp">
      <Filter>Source Files\Entity sources</Filter>
    </ClCompile>
    <ClCompile Include="Eruptor.cpp">
      <Filter>Source Files\Entity sources</Filter>
    </ClCompile>
    <ClCompile Include="ExotechLarva.cpp">
      <Filter>Source Files\Entity sources</Filter>
    </ClCompile>
    <ClCompile Include="ExotechLarvaBattery.cpp">
      <Filter>Source Files\Entity sources</Filter>
    </ClCompile>
    <ClCompile Include="ExotechLarvaCharger.cpp">
      <Filter>Source Files\Entity sources</Filter>
    </ClCompile>
    <ClCompile Include="Eyeman.cpp">
      <Filter>Source Files\Entity sources</Filter>
    </ClCompile>
    <ClCompile Include="Fireworks.cpp">
      <Filter>Source Files\Entity sources</Filter>
    </ClCompile>
    <ClCompile Include="Fish.cpp">
      <Filter>Source Files\Entity sources</Filter>
    </ClCompile>
    <ClCompile Include="Fishman.cpp">
      <Filter>Source Files\Entity sources</Filter>
    </ClCompile>
    <ClCompile Include="Flame.cpp">
      <Filter>Source Files\Entity sources</Filter>
    </ClCompile>
    <ClCompile Include="FogMarker.cpp">
      <Filter>Source Files\Entity sources</Filter>
    </ClCompile>
    <ClCompile Include="GhostBusterRay.cpp">
      <Filter>Source Files\Entity sources</Filter>
    </ClCompile>
    <ClCompile Include="Gizmo.cpp">
      <Filter>Source Files\Entity sources</Filter>
    </ClCompile>
    <ClCompile Include="Global.cpp">
      <Filter>Source Files\Entity sources</Filter>
    </ClCompile>
    <ClCompile Include="GradientMarker.cpp">
      <Filter>Source Files\Entity sources</Filter>
    </ClCompile>
    <ClCompile Include="GravityMarker.cpp">
      <Filter>Source Files\Entity sources</Filter>
    </ClCompile>
    <ClCompile Include="GravityRouter.cpp">
      <Filter>Source Files\Entity sources</Filter>
    </ClCompile>
    <ClCompile Include="Grunt.cpp">
      <Filter>Source Files\Entity sources</Filter>
    </ClCompile>
    <ClCompile Include="GruntSka.cpp">
      <Filter>Source Files\Entity sources</Filter>
    </ClCompile>
    <ClCompile Include="Guffy.cpp">
      <Filter>Source Files\Entity sources</Filter>
    </ClCompile>
    <ClCompile Include="HazeMarker.cpp">
      <Filter>Source Files\Entity sources</Filter>
    </ClCompile>
    <ClCompile Include="Headman.cpp">
      <Filter>Source Files\Entity sources</Filter>
    </ClCompile>
    <ClCompile Include="HealthItem.cpp">
      <Filter>Source Files\Entity sources</Filter>
    </ClCompile>
    <ClCompile Include="Huanman.cpp">
      <Filter>Source Files\Entity sources</Filter>
    </ClCompile>
    <ClCompile Include="HudPicHolder.cpp">
      <Filter>Source Files\Entity sources</Filter>
    </ClCompile>
    <ClCompile Include="Item.cpp">
      <Filter>Source Files\Entity sources</Filter>
    </ClCompile>
    <ClCompile Include="KeyItem.cpp">
      <Filter>Source Files\Entity sources</Filter>
    </ClCompile>
    <ClCompile Include="LarvaOffspring.cpp">
      <Filter>Source Files\Entity sources</Filter>
    </ClCompile>
    <ClCompile Include="Light.cpp">
      <Filter>Source Files\Entity sources</Filter>
    </ClCompile>
    <ClCompile Include="Lightning.cpp">
      <Filter>Source Files\Entity sources</Filter>
    </ClCompile>
    <ClCompile Include="Mamut.cpp">
      <Filter>Source Files\Entity sources</Filter>
    </ClCompile>
    <ClCompile Include="Mamutman.cpp">
      <Filter>Source Files\Entity sources</Filter>
    </ClCompile>
    <ClCompile Include="Mantaman.cpp">
      <Filter>Source Files\Entity sources</Filter>
    </ClCompile>
    <ClCompile Include="Marker.cpp">
      <Filter>Source Files\Entity sources</Filter>
    </ClCompile>
    <ClCompile Include="MessageHolder.cpp">
      <Filter>Source Files\Entity sources</Filter>
    </ClCompile>
    <ClCompile Include="MessageItem.cpp">
      <Filter>Source Files\Entity sources</Filter>
    </ClCompile>
    <ClCompile Include="MeteorShower.cpp">
      <Filter>Source Files\Entity sources</Filter>
    </ClCompile>
    <ClCompile Include="MirrorMarker.cpp">
      <Filter>Source Files\Entity sources</Filter>
    </ClCompile>
    <ClCompile Include="ModelDestruction.cpp">
      <Filter>Source Files\Entity sources</Filter>
    </ClCompile>
    <ClCompile Include="ModelHolder.cpp">
      <Filter>Source Files\Entity sources</Filter>
    </ClCompile>
    <ClCompile Include="ModelHolder2.cpp">
      <Filter>Source Files\Entity sources</Filter>
    </ClCompile>
    <ClCompile Include="ModelHolder3.cpp">
      <Filter>Source Files\Entity sources</Filter>
    </ClCompile>
    <ClCompile Include="MovingBrush.cpp">
      <Filter>Source Files\Entity sources</Filter>
    </ClCompile>
    <ClCompile Include="MovingBrushMarker.cpp">
      <Filter>Source Files\Entity sources</Filter>
    </ClCompile>
    <ClCompile Include="MusicChanger.cpp">
      <Filter>Source Files\Entity sources</Filter>
    </ClCompile>
    <ClCompile Include="MusicHolder.cpp">
      <Filter>Source Files\Entity sources</Filter>
    </ClCompile>
    <ClCompile Include="NavigationMarker.cpp">
      <Filter>Source Files\Entity sources</Filter>
    </ClCompile>
    <ClCompile Include="ParticlesHolder.cpp">
      <Filter>Source Files\Entity sources</Filter>
    </ClCompile>
    <ClCompile Include="Pendulum.cpp">
      <Filter>Source Files\Entity sources</Filter>
    </ClCompile>
    <ClCompile Include="PhotoAlbum.cpp">
      <Filter>Source Files\Entity sources</Filter>
    </ClCompile>
    <ClCompile Include="Pipebomb.cpp">
      <Filter>Source Files\Entity sources</Filter>
    </ClCompile>
    <ClCompile Include="Player.cpp">
      <Filter>Source Files\Entity sources</Filter>
    </ClCompile>
    <ClCompile Include="PlayerActionMarker.cpp">
      <Filter>Source Files\Entity sources</Filter>
    </ClCompile>
    <ClCompile Include="PlayerAnimator.cpp">
      <Filter>Source Files\Entity sources</Filter>
    </ClCompile>
    <ClCompile Include="PlayerMarker.cpp">
      <Filter>Source Files\Entity sources</Filter>
    </ClCompile>
    <ClCompile Include="PlayerView.cpp">
      <Filter>Source Files\Entity sources</Filter>
    </ClCompile>
    <ClCompile Include="PlayerWeapons.cpp">
      <Filter>Source Files\Entity sources</Filter>
    </ClCompile>
    <ClCompile Include="PlayerWeaponsEffects.cpp">
      <Filter>Source Files\Entity sources</Filter>
    </ClCompile>
    <ClCompile Include="PowerUpItem.cpp">
      <Filter>Source Files\Entity sources</Filter>
    </ClCompile>
    <ClCompile Include="Projectile.cpp">
      <Filter>Source Files\Entity sources</Filter>
    </ClCompile>
    <ClCompile Include="PyramidSpaceShip.cpp">
      <Filter>Source Files\Entity sources</Filter>
    </ClCompile>
    <ClCompile Include="PyramidSpaceShipMarker.cpp">
      <Filter>Source Files\Entity sources</Filter>
    </ClCompile>
    <ClCompile Include="Reminder.cpp">
      <Filter>Source Files\Entity sources</Filter>
    </ClCompile>
    <ClCompile Include="RobotDriving.cpp">
      <Filter>Source Files\Entity sources</Filter>
    </ClCompile>
    <ClCompile Include="RobotFlying.cpp">
      <Filter>Source Files\Entity sources</Filter>
    </ClCompile>
    <ClCompile Include="RollingStone.cpp">
      <Filter>Source Files\Entity sources</Filter>
    </ClCompile>
    <ClCompile Include="Santa.cpp">
      <Filter>Source Files\Entity sources</Filter>
    </ClCompile>
    <ClCompile Include="Scorpman.cpp">
      <Filter>Source Files\Entity sources</Filter>
    </ClCompile>
    <ClCompile Include="ScrollHolder.cpp">
      <Filter>Source Files\Entity sources</Filter>
    </ClCompile>
    <ClCompile Include="SeriousBomb.cpp">
      <Filter>Source Files\Entity sources</Filter>
    </ClCompile>
    <ClCompile Include="Ship.cpp">
      <Filter>Source Files\Entity sources</Filter>
    </ClCompile>
    <ClCompile Include="ShipMarker.cpp">
      <Filter>Source Files\Entity sources</Filter>
    </ClCompile>
    <ClCompile Include="Shooter.cpp">
      <Filter>Source Files\Entity sources</Filter>
    </ClCompile>
    <ClCompile Include="SoundHolder.cpp">
      <Filter>Source Files\Entity sources</Filter>
    </ClCompile>
    <ClCompile Include="SpawnerProjectile.cpp">
      <Filter>Source Files\Entity sources</Filter>
    </ClCompile>
    <ClCompile Include="Spinner.cpp">
      <Filter>Source Files\Entity sources</Filter>
    </ClCompile>
    <ClCompile Include="StormController.cpp">
      <Filter>Source Files\Entity sources</Filter>
    </ClCompile>
    <ClCompile Include="Summoner.cpp">
      <Filter>Source Files\Entity sources</Filter>
    </ClCompile>
    <ClCompile Include="SummonerMarker.cpp">
      <Filter>Source Files\Entity sources</Filter>
    </ClCompile>
    <ClCompile Include="Switch.cpp">
      <Filter>Source Files\Entity sources</Filter>
    </ClCompile>
    <ClCompile Include="TacticsChanger.cpp">
      <Filter>Source Files\Entity sources</Filter>
    </ClCompile>
    <ClCompile Include="TacticsHolder.cpp">
      <Filter>Source Files\Entity sources</Filter>
    </ClCompile>
    <ClCompile Include="Teleport.cpp">
      <Filter>Source Files\Entity sources</Filter>
    </ClCompile>
    <ClCompile Include="TextFXHolder.cpp">
      <Filter>Source Files\Entity sources</Filter>
    </ClCompile>
    <ClCompile Include="TimeController.cpp">
      <Filter>Source Files\Entity sources</Filter>
    </ClCompile>
    <ClCompile Include="TouchField.cpp">
      <Filter>Source Files\Entity sources</Filter>
    </ClCompile>
    <ClCompile Include="Trigger.cpp">
      <Filter>Source Files\Entity sources</Filter>
    </ClCompile>
    <ClCompile Include="Twister.cpp">
      <Filter>Source Files\Entity sources</Filter>
    </ClCompile>
    <ClCompile Include="VoiceHolder.cpp">
      <Filter>Source Files\Entity sources</Filter>
    </ClCompile>
    <ClCompile Include="Walker.cpp">
      <Filter>Source Files\Entity sources</Filter>
    </ClCompile>
    <ClCompile Include="Watcher.cpp">
      <Filter>Source Files\Entity sources</Filter>
    </ClCompile>
    <ClCompile Include="WatchPlayers.cpp">
      <Filter>Source Files\Entity sources</Filter>
    </ClCompile>
    <ClCompile Include="Water.cpp">
      <Filter>Source Files\Entity sources</Filter>
    </ClCompile>
    <ClCompile Include="WeaponItem.cpp">
      <Filter>Source Files\Entity sources</Filter>
    </ClCompile>
    <ClCompile Include="Werebull.cpp">
      <Filter>Source Files\Entity sources</Filter>
    </ClCompile>
    <ClCompile Include="Woman.cpp">
      <Filter>Source Files\Entity sources</Filter>
    </ClCompile>
    <ClCompile Include="WorldBase.cpp">
      <Filter>Source Files\Entity sources</Filter>
    </ClCompile>
    <ClCompile Include="WorldLink.cpp">
      <Filter>Source Files\Entity sources</Filter>
    </ClCompile>
    <ClCompile Include="WorldSettingsController.cpp">
      <Filter>Source Files\Entity sources</Filter>
    </ClCompile>
    <ClCompile Include="Mod\GlobalController.cpp">
      <Filter>Source Files\Entity sources</Filter>
    </ClCompile>
    <ClCompile Include="Mod\BetaEnemies\CombineElite.cpp">
      <Filter>Source Files\Entity sources</Filter>
    </ClCompile>
    <ClCompile Include="Mod\BetaEnemies\CombineSoldier.cpp">
      <Filter>Source Files\Entity sources</Filter>
    </ClCompile>
    <ClCompile Include="Mod\BetaEnemies\FastZombie.cpp">
      <Filter>Source Files\Entity sources</Filter>
    </ClCompile>
    <ClCompile Include="Mod\BetaEnemies\Headcrab.cpp">
      <Filter>Source Files\Entity sources</Filter>
    </ClCompile>
    <ClCompile Include="Mod\BetaEnemies\Manhack.cpp">
      <Filter>Source Files\Entity sources</Filter>
    </ClCompile>
    <ClCompile Include="Mod\BetaEnemies\Merasmus.cpp">
      <Filter>Source Files\Entity sources</Filter>
    </ClCompile>
    <ClCompile Include="Mod\BetaEnemies\Metrocop.cpp">
      <Filter>Source Files\Entity sources</Filter>
    </ClCompile>
    <ClCompile Include="Mod\BetaEnemies\Antlion.cpp">
      <Filter>Source Files\Entity sources</Filter>
    </ClCompile>
    <ClCompile Include="Mod\BetaEnemies\AntlionGuard.cpp">
      <Filter>Source Files\Entity sources</Filter>
    </ClCompile>
    <ClCompile Include="Cecil\WorldPatch.cpp">
      <Filter>Source Files\Cecil sources</Filter>
    </ClCompile>
    <ClCompile Include="Cecil\ODE\ODEBase.cpp">
      <Filter>Source Files\Cecil sources\ODE sources</Filter>
    </ClCompile>
    <ClCompile Include="Cecil\ODE\ODEObject.cpp">
      <Filter>Source Files\Cecil sources\ODE sources</Filter>
    </ClCompile>
    <ClCompile Include="Cecil\ODE\ODEState.cpp">
      <Filter>Source Files\Cecil sources\ODE sources</Filter>
    </ClCompile>
    <ClCompile Include="Cecil\Collision\WorldCollision.cpp">
      <Filter>Source Files\Cecil sources\Collision sources</Filter>
    </ClCompile>
    <ClCompile Include="Cecil\Collision\MovableEntityMethods.cpp">
      <Filter>Source Files\Cecil sources\Collision sources</Filter>
    </ClCompile>
    <ClCompile Include="Mod\Base\MovableModelEntity.cpp">
      <Filter>Source Files\Entity sources</Filter>
    </ClCompile>
    <ClCompile Include="Mod\Base\MovableBrushEntity.cpp">
      <Filter>Source Files\Entity sources</Filter>
    </ClCompile>
    <ClCompile Include="Mod\Base\MovableEntity.cpp">
      <Filter>Source Files\Entity sources</Filter>
    </ClCompile>
    <ClCompile Include="Mod\Base\PlayerEntity.cpp">
      <Filter>Source Files\Entity sources</Filter>
    </ClCompile>
    <ClCompile Include="Cecil\Collision\BSPInline.cpp">
      <Filter>Source Files\Cecil sources\Collision sources</Filter>
    </ClCompile>
    <ClCompile Include="Cecil\Collision\WorldRayCasting.cpp">
      <Filter>Source Files\Cecil sources\Collision sources</Filter>
    </ClCompile>
    <ClCompile Include="Cecil\Collision\CollisionCommon.cpp">
      <Filter>Source Files\Cecil sources\Collision sources</Filter>
    </ClCompile>
    <ClCompile Include="Mod\Text3D.cpp">
      <Filter>Source Files\Entity sources</Filter>
    </ClCompile>
    <ClCompile Include="Cecil\Text3DParticles.cpp">
      <Filter>Source Files\Cecil sources</Filter>
    </ClCompile>
    <ClCompile Include="Cecil\ODE\ODEStateJoints.cpp">
      <Filter>Source Files\Cecil sources\ODE sources</Filter>
    </ClCompile>
    <ClCompile Include="Cecil\WriteStream.cpp">
      <Filter>Source Files\Cecil sources</Filter>
    </ClCompile>
    <ClCompile Include="Cecil\ODE\ODEStateObjects.cpp">
      <Filter>Source Files\Cecil sources\ODE sources</Filter>
    </ClCompile>
    <ClCompile Include="Mod\PhysBase.cpp">
      <Filter>Source Files\Entity sources</Filter>
    </ClCompile>
    <ClCompile Include="Cecil\Collision\TempCollisionGrid.cpp">
      <Filter>Source Files\Cecil sources\Collision sources</Filter>
    </ClCompile>
  </ItemGroup>
  <ItemGroup>
    <ClInclude Include="Common\Common.h">
      <Filter>Header Files\Common headers</Filter>
    </ClInclude>
    <ClInclude Include="Common\Flags.h">
      <Filter>Header Files\Common headers</Filter>
    </ClInclude>
    <ClInclude Include="Common\GameInterface.h">
      <Filter>Header Files\Common headers</Filter>
    </ClInclude>
    <ClInclude Include="Common\Particles.h">
      <Filter>Header Files\Common headers</Filter>
    </ClInclude>
    <ClInclude Include="Common\PathFinding.h">
      <Filter>Header Files\Common headers</Filter>
    </ClInclude>
    <ClInclude Include="StdH\StdH.h">
      <Filter>Header Files\Common headers</Filter>
    </ClInclude>
    <ClInclude Include="Common\WeaponPositions.h">
      <Filter>Header Files\Common headers</Filter>
    </ClInclude>
    <ClInclude Include="Common\UI\UI.h">
      <Filter>Header Files\Cecil headers</Filter>
    </ClInclude>
    <ClInclude Include="Cecil\Effects.h">
      <Filter>Header Files\Cecil headers</Filter>
    </ClInclude>
    <ClInclude Include="Cecil\Materials.h">
      <Filter>Header Files\Cecil headers</Filter>
    </ClInclude>
    <ClInclude Include="Cecil\Physics.h">
      <Filter>Header Files\Cecil headers</Filter>
    </ClInclude>
    <ClInclude Include="Cecil\Weapons.h">
      <Filter>Header Files\Cecil headers</Filter>
    </ClInclude>
    <ClInclude Include="Cecil\WorldPatch.h">
      <Filter>Header Files\Cecil headers</Filter>
    </ClInclude>
    <ClInclude Include="Cecil\ODE\ODEBase.h">
      <Filter>Header Files\Cecil headers\ODE headers</Filter>
    </ClInclude>
    <ClInclude Include="Cecil\ODE\ODEObject.h">
      <Filter>Header Files\Cecil headers\ODE headers</Filter>
    </ClInclude>
    <ClInclude Include="Cecil\ODE\API.h">
      <Filter>Header Files\Cecil headers\ODE headers</Filter>
    </ClInclude>
    <ClInclude Include="Cecil\Collision\WorldCollision.h">
      <Filter>Header Files\Cecil headers\Collision headers</Filter>
    </ClInclude>
    <ClInclude Include="Cecil\Collision\WorldRayCasting.h">
      <Filter>Header Files\Cecil headers\Collision headers</Filter>
    </ClInclude>
    <ClInclude Include="Cecil\Collision\CollisionCommon.h">
      <Filter>Header Files\Cecil headers\Collision headers</Filter>
    </ClInclude>
    <ClInclude Include="Cecil\Text3DParticles.h">
      <Filter>Header Files\Cecil headers</Filter>
    </ClInclude>
    <ClInclude Include="Cecil\WriteStream.h">
      <Filter>Header Files\Cecil headers</Filter>
    </ClInclude>
    <ClInclude Include="Cecil\ODE\ODEState.h">
      <Filter>Header Files\Cecil headers\ODE headers</Filter>
    </ClInclude>
  </ItemGroup>
  <ItemGroup>
    <CustomBuild Include="NavigationMarker.es">
      <Filter>Class Files\AI</Filter>
    </CustomBuild>
    <CustomBuild Include="Reminder.es">
      <Filter>Class Files\AI</Filter>
    </CustomBuild>
    <CustomBuild Include="Spinner.es">
      <Filter>Class Files\AI</Filter>
    </CustomBuild>
    <CustomBuild Include="TacticsChanger.es">
      <Filter>Class Files\AI</Filter>
    </CustomBuild>
    <CustomBuild Include="TacticsHolder.es">
      <Filter>Class Files\AI</Filter>
    </CustomBuild>
    <CustomBuild Include="Watcher.es">
      <Filter>Class Files\AI</Filter>
    </CustomBuild>
    <CustomBuild Include="WatchPlayers.es">
      <Filter>Class Files\AI</Filter>
    </CustomBuild>
    <CustomBuild Include="Bouncer.es">
      <Filter>Class Files\Brushes</Filter>
    </CustomBuild>
    <CustomBuild Include="DestroyableArchitecture.es">
      <Filter>Class Files\Brushes</Filter>
    </CustomBuild>
    <CustomBuild Include="MovingBrush.es">
      <Filter>Class Files\Brushes</Filter>
    </CustomBuild>
    <CustomBuild Include="MovingBrushMarker.es">
      <Filter>Class Files\Brushes</Filter>
    </CustomBuild>
    <CustomBuild Include="Pendulum.es">
      <Filter>Class Files\Brushes</Filter>
    </CustomBuild>
    <CustomBuild Include="Ship.es">
      <Filter>Class Files\Brushes</Filter>
    </CustomBuild>
    <CustomBuild Include="ShipMarker.es">
      <Filter>Class Files\Brushes</Filter>
    </CustomBuild>
    <CustomBuild Include="WorldBase.es">
      <Filter>Class Files\Brushes</Filter>
    </CustomBuild>
    <CustomBuild Include="BasicEffects.es">
      <Filter>Class Files\Effects</Filter>
    </CustomBuild>
    <CustomBuild Include="BlendController.es">
      <Filter>Class Files\Effects</Filter>
    </CustomBuild>
    <CustomBuild Include="BloodSpray.es">
      <Filter>Class Files\Effects</Filter>
    </CustomBuild>
    <CustomBuild Include="Debris.es">
      <Filter>Class Files\Effects</Filter>
    </CustomBuild>
    <CustomBuild Include="EffectMarker.es">
      <Filter>Class Files\Effects</Filter>
    </CustomBuild>
    <CustomBuild Include="Effector.es">
      <Filter>Class Files\Effects</Filter>
    </CustomBuild>
    <CustomBuild Include="Fireworks.es">
      <Filter>Class Files\Effects</Filter>
    </CustomBuild>
    <CustomBuild Include="Lightning.es">
      <Filter>Class Files\Effects</Filter>
    </CustomBuild>
    <CustomBuild Include="MeteorShower.es">
      <Filter>Class Files\Effects</Filter>
    </CustomBuild>
    <CustomBuild Include="PhotoAlbum.es">
      <Filter>Class Files\Effects</Filter>
    </CustomBuild>
    <CustomBuild Include="PyramidSpaceShip.es">
      <Filter>Class Files\Effects</Filter>
    </CustomBuild>
    <CustomBuild Include="PyramidSpaceShipMarker.es">
      <Filter>Class Files\Effects</Filter>
    </CustomBuild>
    <CustomBuild Include="RollingStone.es">
      <Filter>Class Files\Effects</Filter>
    </CustomBuild>
    <CustomBuild Include="StormController.es">
      <Filter>Class Files\Effects</Filter>
    </CustomBuild>
    <CustomBuild Include="TimeController.es">
      <Filter>Class Files\Effects</Filter>
    </CustomBuild>
    <CustomBuild Include="WorldSettingsController.es">
      <Filter>Class Files\Effects</Filter>
    </CustomBuild>
    <CustomBuild Include="AirElemental.es">
      <Filter>Class Files\Enemies</Filter>
    </CustomBuild>
    <CustomBuild Include="Beast.es">
      <Filter>Class Files\Enemies</Filter>
    </CustomBuild>
    <CustomBuild Include="BigHead.es">
      <Filter>Class Files\Enemies</Filter>
    </CustomBuild>
    <CustomBuild Include="Boneman.es">
      <Filter>Class Files\Enemies</Filter>
    </CustomBuild>
    <CustomBuild Include="CannonRotating.es">
      <Filter>Class Files\Enemies</Filter>
    </CustomBuild>
    <CustomBuild Include="CannonStatic.es">
      <Filter>Class Files\Enemies</Filter>
    </CustomBuild>
    <CustomBuild Include="ChainsawFreak.es">
      <Filter>Class Files\Enemies</Filter>
    </CustomBuild>
    <CustomBuild Include="CrateBus.es">
      <Filter>Class Files\Enemies</Filter>
    </CustomBuild>
    <CustomBuild Include="CrateRider.es">
      <Filter>Class Files\Enemies</Filter>
    </CustomBuild>
    <CustomBuild Include="Demon.es">
      <Filter>Class Files\Enemies</Filter>
    </CustomBuild>
    <CustomBuild Include="Devil.es">
      <Filter>Class Files\Enemies</Filter>
    </CustomBuild>
    <CustomBuild Include="DevilMarker.es">
      <Filter>Class Files\Enemies</Filter>
    </CustomBuild>
    <CustomBuild Include="Elemental.es">
      <Filter>Class Files\Enemies</Filter>
    </CustomBuild>
    <CustomBuild Include="EnemyBase.es">
      <Filter>Class Files\Enemies</Filter>
    </CustomBuild>
    <CustomBuild Include="EnemyCounter.es">
      <Filter>Class Files\Enemies</Filter>
    </CustomBuild>
    <CustomBuild Include="EnemyDive.es">
      <Filter>Class Files\Enemies</Filter>
    </CustomBuild>
    <CustomBuild Include="EnemyFly.es">
      <Filter>Class Files\Enemies</Filter>
    </CustomBuild>
    <CustomBuild Include="EnemyMarker.es">
      <Filter>Class Files\Enemies</Filter>
    </CustomBuild>
    <CustomBuild Include="EnemyRunInto.es">
      <Filter>Class Files\Enemies</Filter>
    </CustomBuild>
    <CustomBuild Include="EnemySpawner.es">
      <Filter>Class Files\Enemies</Filter>
    </CustomBuild>
    <CustomBuild Include="ExotechLarva.es">
      <Filter>Class Files\Enemies</Filter>
    </CustomBuild>
    <CustomBuild Include="ExotechLarvaBattery.es">
      <Filter>Class Files\Enemies</Filter>
    </CustomBuild>
    <CustomBuild Include="ExotechLarvaCharger.es">
      <Filter>Class Files\Enemies</Filter>
    </CustomBuild>
    <CustomBuild Include="Eyeman.es">
      <Filter>Class Files\Enemies</Filter>
    </CustomBuild>
    <CustomBuild Include="Fish.es">
      <Filter>Class Files\Enemies</Filter>
    </CustomBuild>
    <CustomBuild Include="Gizmo.es">
      <Filter>Class Files\Enemies</Filter>
    </CustomBuild>
    <CustomBuild Include="Grunt.es">
      <Filter>Class Files\Enemies</Filter>
    </CustomBuild>
    <CustomBuild Include="GruntSka.es">
      <Filter>Class Files\Enemies</Filter>
    </CustomBuild>
    <CustomBuild Include="Guffy.es">
      <Filter>Class Files\Enemies</Filter>
    </CustomBuild>
    <CustomBuild Include="Headman.es">
      <Filter>Class Files\Enemies</Filter>
    </CustomBuild>
    <CustomBuild Include="Santa.es">
      <Filter>Class Files\Enemies</Filter>
    </CustomBuild>
    <CustomBuild Include="Scorpman.es">
      <Filter>Class Files\Enemies</Filter>
    </CustomBuild>
    <CustomBuild Include="Shooter.es">
      <Filter>Class Files\Enemies</Filter>
    </CustomBuild>
    <CustomBuild Include="Summoner.es">
      <Filter>Class Files\Enemies</Filter>
    </CustomBuild>
    <CustomBuild Include="SummonerMarker.es">
      <Filter>Class Files\Enemies</Filter>
    </CustomBuild>
    <CustomBuild Include="Walker.es">
      <Filter>Class Files\Enemies</Filter>
    </CustomBuild>
    <CustomBuild Include="Werebull.es">
      <Filter>Class Files\Enemies</Filter>
    </CustomBuild>
    <CustomBuild Include="Woman.es">
      <Filter>Class Files\Enemies</Filter>
    </CustomBuild>
    <CustomBuild Include="EnvironmentBase.es">
      <Filter>Class Files\Environment</Filter>
    </CustomBuild>
    <CustomBuild Include="EnvironmentMarker.es">
      <Filter>Class Files\Environment</Filter>
    </CustomBuild>
    <CustomBuild Include="EnvironmentParticlesHolder.es">
      <Filter>Class Files\Environment</Filter>
    </CustomBuild>
    <CustomBuild Include="AmmoItem.es">
      <Filter>Class Files\Items</Filter>
    </CustomBuild>
    <CustomBuild Include="AmmoPack.es">
      <Filter>Class Files\Items</Filter>
    </CustomBuild>
    <CustomBuild Include="ArmorItem.es">
      <Filter>Class Files\Items</Filter>
    </CustomBuild>
    <CustomBuild Include="HealthItem.es">
      <Filter>Class Files\Items</Filter>
    </CustomBuild>
    <CustomBuild Include="Item.es">
      <Filter>Class Files\Items</Filter>
    </CustomBuild>
    <CustomBuild Include="KeyItem.es">
      <Filter>Class Files\Items</Filter>
    </CustomBuild>
    <CustomBuild Include="MessageItem.es">
      <Filter>Class Files\Items</Filter>
    </CustomBuild>
    <CustomBuild Include="PowerUpItem.es">
      <Filter>Class Files\Items</Filter>
    </CustomBuild>
    <CustomBuild Include="WeaponItem.es">
      <Filter>Class Files\Items</Filter>
    </CustomBuild>
    <CustomBuild Include="Player.es">
      <Filter>Class Files\Players</Filter>
    </CustomBuild>
    <CustomBuild Include="PlayerActionMarker.es">
      <Filter>Class Files\Players</Filter>
    </CustomBuild>
    <CustomBuild Include="PlayerAnimator.es">
      <Filter>Class Files\Players</Filter>
    </CustomBuild>
    <CustomBuild Include="PlayerMarker.es">
      <Filter>Class Files\Players</Filter>
    </CustomBuild>
    <CustomBuild Include="PlayerView.es">
      <Filter>Class Files\Players</Filter>
    </CustomBuild>
    <CustomBuild Include="PlayerWeapons.es">
      <Filter>Class Files\Players</Filter>
    </CustomBuild>
    <CustomBuild Include="PlayerWeaponsEffects.es">
      <Filter>Class Files\Players</Filter>
    </CustomBuild>
    <CustomBuild Include="AnimationChanger.es">
      <Filter>Class Files\Tools</Filter>
    </CustomBuild>
    <CustomBuild Include="AnimationHub.es">
      <Filter>Class Files\Tools</Filter>
    </CustomBuild>
    <CustomBuild Include="AreaMarker.es">
      <Filter>Class Files\Tools</Filter>
    </CustomBuild>
    <CustomBuild Include="BackgroundViewer.es">
      <Filter>Class Files\Tools</Filter>
    </CustomBuild>
    <CustomBuild Include="Camera.es">
      <Filter>Class Files\Tools</Filter>
    </CustomBuild>
    <CustomBuild Include="CameraMarker.es">
      <Filter>Class Files\Tools</Filter>
    </CustomBuild>
    <CustomBuild Include="Copier.es">
      <Filter>Class Files\Tools</Filter>
    </CustomBuild>
    <CustomBuild Include="Counter.es">
      <Filter>Class Files\Tools</Filter>
    </CustomBuild>
    <CustomBuild Include="CreditsHolder.es">
      <Filter>Class Files\Tools</Filter>
    </CustomBuild>
    <CustomBuild Include="Damager.es">
      <Filter>Class Files\Tools</Filter>
    </CustomBuild>
    <CustomBuild Include="DebugEntityStatesDisplay.es">
      <Filter>Class Files\Tools</Filter>
    </CustomBuild>
    <CustomBuild Include="DoorController.es">
      <Filter>Class Files\Tools</Filter>
    </CustomBuild>
    <CustomBuild Include="Eruptor.es">
      <Filter>Class Files\Tools</Filter>
    </CustomBuild>
    <CustomBuild Include="FogMarker.es">
      <Filter>Class Files\Tools</Filter>
    </CustomBuild>
    <CustomBuild Include="GradientMarker.es">
      <Filter>Class Files\Tools</Filter>
    </CustomBuild>
    <CustomBuild Include="GravityMarker.es">
      <Filter>Class Files\Tools</Filter>
    </CustomBuild>
    <CustomBuild Include="GravityRouter.es">
      <Filter>Class Files\Tools</Filter>
    </CustomBuild>
    <CustomBuild Include="HazeMarker.es">
      <Filter>Class Files\Tools</Filter>
    </CustomBuild>
    <CustomBuild Include="HudPicHolder.es">
      <Filter>Class Files\Tools</Filter>
    </CustomBuild>
    <CustomBuild Include="Light.es">
      <Filter>Class Files\Tools</Filter>
    </CustomBuild>
    <CustomBuild Include="Marker.es">
      <Filter>Class Files\Tools</Filter>
    </CustomBuild>
    <CustomBuild Include="MessageHolder.es">
      <Filter>Class Files\Tools</Filter>
    </CustomBuild>
    <CustomBuild Include="MirrorMarker.es">
      <Filter>Class Files\Tools</Filter>
    </CustomBuild>
    <CustomBuild Include="ModelDestruction.es">
      <Filter>Class Files\Tools</Filter>
    </CustomBuild>
    <CustomBuild Include="ModelHolder.es">
      <Filter>Class Files\Tools</Filter>
    </CustomBuild>
    <CustomBuild Include="ModelHolder2.es">
      <Filter>Class Files\Tools</Filter>
    </CustomBuild>
    <CustomBuild Include="ModelHolder3.es">
      <Filter>Class Files\Tools</Filter>
    </CustomBuild>
    <CustomBuild Include="MusicChanger.es">
      <Filter>Class Files\Tools</Filter>
    </CustomBuild>
    <CustomBuild Include="MusicHolder.es">
      <Filter>Class Files\Tools</Filter>
    </CustomBuild>
    <CustomBuild Include="ParticlesHolder.es">
      <Filter>Class Files\Tools</Filter>
    </CustomBuild>
    <CustomBuild Include="ScrollHolder.es">
      <Filter>Class Files\Tools</Filter>
    </CustomBuild>
    <CustomBuild Include="SoundHolder.es">
      <Filter>Class Files\Tools</Filter>
    </CustomBuild>
    <CustomBuild Include="Switch.es">
      <Filter>Class Files\Tools</Filter>
    </CustomBuild>
    <CustomBuild Include="Teleport.es">
      <Filter>Class Files\Tools</Filter>
    </CustomBuild>
    <CustomBuild Include="TextFXHolder.es">
      <Filter>Class Files\Tools</Filter>
    </CustomBuild>
    <CustomBuild Include="TouchField.es">
      <Filter>Class Files\Tools</Filter>
    </CustomBuild>
    <CustomBuild Include="Trigger.es">
      <Filter>Class Files\Tools</Filter>
    </CustomBuild>
    <CustomBuild Include="VoiceHolder.es">
      <Filter>Class Files\Tools</Filter>
    </CustomBuild>
    <CustomBuild Include="WorldLink.es">
      <Filter>Class Files\Tools</Filter>
    </CustomBuild>
    <CustomBuild Include="AirShockwave.es">
      <Filter>Class Files\Weapons</Filter>
    </CustomBuild>
    <CustomBuild Include="Bullet.es">
      <Filter>Class Files\Weapons</Filter>
    </CustomBuild>
    <CustomBuild Include="CannonBall.es">
      <Filter>Class Files\Weapons</Filter>
    </CustomBuild>
    <CustomBuild Include="DevilProjectile.es">
      <Filter>Class Files\Weapons</Filter>
    </CustomBuild>
    <CustomBuild Include="Flame.es">
      <Filter>Class Files\Weapons</Filter>
    </CustomBuild>
    <CustomBuild Include="LarvaOffspring.es">
      <Filter>Class Files\Weapons</Filter>
    </CustomBuild>
    <CustomBuild Include="Projectile.es">
      <Filter>Class Files\Weapons</Filter>
    </CustomBuild>
    <CustomBuild Include="SeriousBomb.es">
      <Filter>Class Files\Weapons</Filter>
    </CustomBuild>
    <CustomBuild Include="SpawnerProjectile.es">
      <Filter>Class Files\Weapons</Filter>
    </CustomBuild>
    <CustomBuild Include="Twister.es">
      <Filter>Class Files\Weapons</Filter>
    </CustomBuild>
    <CustomBuild Include="Water.es">
      <Filter>Class Files\Weapons</Filter>
    </CustomBuild>
    <CustomBuild Include="Global.es">
      <Filter>Class Files</Filter>
    </CustomBuild>
    <CustomBuild Include="LastFileID.txt">
      <Filter>Class Files</Filter>
    </CustomBuild>
    <CustomBuild Include="Mod\Radio.es">
      <Filter>Class Files\Cecil</Filter>
    </CustomBuild>
    <CustomBuild Include="Mod\RollerMine.es">
      <Filter>Class Files\Cecil</Filter>
    </CustomBuild>
    <CustomBuild Include="Mod\SeamlessTP.es">
      <Filter>Class Files\Cecil</Filter>
    </CustomBuild>
    <CustomBuild Include="Mod\Sound3D.es">
      <Filter>Class Files\Cecil</Filter>
    </CustomBuild>
    <CustomBuild Include="Mod\GlobalController.es">
      <Filter>Class Files\Cecil</Filter>
    </CustomBuild>
    <CustomBuild Include="Mod\BetaEnemies\Antlion.es">
      <Filter>Class Files\Cecil\BetaEnemies</Filter>
    </CustomBuild>
    <CustomBuild Include="Mod\BetaEnemies\AntlionGuard.es">
      <Filter>Class Files\Cecil\BetaEnemies</Filter>
    </CustomBuild>
    <CustomBuild Include="Mod\BetaEnemies\CombineElite.es">
      <Filter>Class Files\Cecil\BetaEnemies</Filter>
    </CustomBuild>
    <CustomBuild Include="Mod\BetaEnemies\CombineSoldier.es">
      <Filter>Class Files\Cecil\BetaEnemies</Filter>
    </CustomBuild>
    <CustomBuild Include="Mod\BetaEnemies\FastZombie.es">
      <Filter>Class Files\Cecil\BetaEnemies</Filter>
    </CustomBuild>
    <CustomBuild Include="Mod\BetaEnemies\Headcrab.es">
      <Filter>Class Files\Cecil\BetaEnemies</Filter>
    </CustomBuild>
    <CustomBuild Include="Mod\BetaEnemies\Manhack.es">
      <Filter>Class Files\Cecil\BetaEnemies</Filter>
    </CustomBuild>
    <CustomBuild Include="Mod\BetaEnemies\Merasmus.es">
      <Filter>Class Files\Cecil\BetaEnemies</Filter>
    </CustomBuild>
    <CustomBuild Include="Mod\BetaEnemies\Metrocop.es">
      <Filter>Class Files\Cecil\BetaEnemies</Filter>
    </CustomBuild>
    <CustomBuild Include="Mod\Base\PlayerEntity.es">
      <Filter>Class Files\Cecil\Base</Filter>
    </CustomBuild>
    <CustomBuild Include="Mod\Base\MovableBrushEntity.es">
      <Filter>Class Files\Cecil\Base</Filter>
    </CustomBuild>
    <CustomBuild Include="Mod\Base\MovableEntity.es">
      <Filter>Class Files\Cecil\Base</Filter>
    </CustomBuild>
    <CustomBuild Include="Mod\Base\MovableModelEntity.es">
      <Filter>Class Files\Cecil\Base</Filter>
    </CustomBuild>
    <CustomBuild Include="Mod\Text3D.es">
      <Filter>Class Files\Cecil</Filter>
    </CustomBuild>
    <CustomBuild Include="Mod\PhysBase.es">
      <Filter>Class Files\Cecil</Filter>
    </CustomBuild>
  </ItemGroup>
</Project>